# THIS IS AN AUTOGENERATED FILE. DO NOT EDIT THIS FILE DIRECTLY.
# yarn lockfile v1


"@fortawesome/fontawesome-common-types@^0.2.32":
  version "0.2.32"
  resolved "https://registry.yarnpkg.com/@fortawesome/fontawesome-common-types/-/fontawesome-common-types-0.2.32.tgz#3436795d5684f22742989bfa08f46f50f516f259"
  integrity sha512-ux2EDjKMpcdHBVLi/eWZynnPxs0BtFVXJkgHIxXRl+9ZFaHPvYamAfCzeeQFqHRjuJtX90wVnMRaMQAAlctz3w==

"@fortawesome/free-solid-svg-icons@^5.14.0":
  version "5.15.1"
  resolved "https://registry.yarnpkg.com/@fortawesome/free-solid-svg-icons/-/free-solid-svg-icons-5.15.1.tgz#e1432676ddd43108b41197fee9f86d910ad458ef"
  integrity sha512-EFMuKtzRMNbvjab/SvJBaOOpaqJfdSap/Nl6hst7CgrJxwfORR1drdTV6q1Ib/JVzq4xObdTDcT6sqTaXMqfdg==
  dependencies:
    "@fortawesome/fontawesome-common-types" "^0.2.32"

"@tarekraafat/autocomplete.js@^7.2.0":
  version "7.2.0"
  resolved "https://registry.yarnpkg.com/@tarekraafat/autocomplete.js/-/autocomplete.js-7.2.0.tgz#d6ac9fe78db92d864ec096639e577f7e4b323829"
  integrity sha512-p1aEcKC/WHpVBuFyRhXq/ie+mgO4QqCNEsdVIPUBgmNqmxV4dVfqYEpk///9vvKyranUUvrlVu4e2tdzAaXKIg==

"@triply/yasgui-utils@^4.1.3":
  version "4.1.3"
  resolved "https://registry.yarnpkg.com/@triply/yasgui-utils/-/yasgui-utils-4.1.3.tgz#da6e3e9fd77915027ab06534b054a170c35c05c0"
  integrity sha512-YmTweA+GA2N87FReKbFCzGfYiZbIFC7XPruCsAToEHS/tvnLTQMcFjHBF+ZY5ycW8nBw/Yp/IYBsPU2fsUy+5g==
  dependencies:
    "@types/node" "14.0.23"
    store "^2.0.12"

"@triply/yasgui@^4.1.3":
  version "4.1.3"
  resolved "https://registry.yarnpkg.com/@triply/yasgui/-/yasgui-4.1.3.tgz#bf14a4be22341db91d757bea42922bdffedc18c2"
  integrity sha512-2dAg/MC4Eom2QEft+XSoeUc1kEiBxdo0bLhYU2u/5wNQ/7rUxneqeU2+i6xbb/ire2FncbJWzv35wuVDYOFQGA==
  dependencies:
    "@tarekraafat/autocomplete.js" "^7.2.0"
    "@triply/yasgui-utils" "^4.1.3"
    "@triply/yasqe" "^4.1.3"
    "@triply/yasr" "^4.1.3"
    "@types/lodash-es" "^4.17.3"
    autosuggest-highlight "^3.1.1"
    blueimp-md5 "^2.12.0"
    choices.js "^9.0.1"
    es6-object-assign "^1.1.0"
    jsuri "^1.3.1"
    lodash-es "^4.17.15"
    sortablejs "^1.10.2"
    superagent "5.3.1"

"@triply/yasqe@^4.1.3":
  version "4.1.3"
  resolved "https://registry.yarnpkg.com/@triply/yasqe/-/yasqe-4.1.3.tgz#f73edf87d100c860d4bb0426a077d2637ca1bd7c"
  integrity sha512-p1I65Irtt+B/lXFrKFM0nMRw0zTFweXeRIy8TOozglrC/dZLyI45iSfnUinKj0kiO4ohEJzqp1lR3ewydRJ1RQ==
  dependencies:
    "@triply/yasgui-utils" "^4.1.3"
    "@types/lodash-es" "^4.17.3"
    codemirror "^5.51.0"
    lodash-es "^4.17.15"
    query-string "^6.10.1"
    superagent "5.3.1"

"@triply/yasr@^4.1.3":
  version "4.1.3"
  resolved "https://registry.yarnpkg.com/@triply/yasr/-/yasr-4.1.3.tgz#64196c7935ff704c401709e44e71586f1e0d4b8e"
  integrity sha512-OesDTusrTSSNADPuCVCsDKurCFgogs6b7avrwkb/zD1ZcRALKpEryZWhJDbbdwh6lE5paQtmLGezDYQT2QeJpw==
  dependencies:
    "@fortawesome/free-solid-svg-icons" "^5.14.0"
    "@triply/yasgui-utils" "^4.1.3"
    "@triply/yasqe" "^4.1.3"
    "@types/lodash-es" "^4.17.3"
    codemirror "^5.51.0"
    colors "^1.4.0"
    column-resizer "^1.3.4"
    datatables.net "^1.10.20"
    datatables.net-dt "^1.10.20"
    dompurify "^2.0.7"
    jquery "^3.5.0"
    json2csv "^5.0.1"
    lodash-es "^4.17.15"
    n3 "^1.3.5"

"@types/lodash-es@^4.17.3":
  version "4.17.3"
  resolved "https://registry.yarnpkg.com/@types/lodash-es/-/lodash-es-4.17.3.tgz#87eb0b3673b076b8ee655f1890260a136af09a2d"
  integrity sha512-iHI0i7ZAL1qepz1Y7f3EKg/zUMDwDfTzitx+AlHhJJvXwenP682ZyGbgPSc5Ej3eEAKVbNWKFuwOadCj5vBbYQ==
  dependencies:
    "@types/lodash" "*"

"@types/lodash@*":
  version "4.14.162"
  resolved "https://registry.yarnpkg.com/@types/lodash/-/lodash-4.14.162.tgz#65d78c397e0d883f44afbf1f7ba9867022411470"
  integrity sha512-alvcho1kRUnnD1Gcl4J+hK0eencvzq9rmzvFPRmP5rPHx9VVsJj6bKLTATPVf9ktgv4ujzh7T+XWKp+jhuODig==

"@types/node@14.0.23":
  version "14.0.23"
  resolved "https://registry.yarnpkg.com/@types/node/-/node-14.0.23.tgz#676fa0883450ed9da0bb24156213636290892806"
  integrity sha512-Z4U8yDAl5TFkmYsZdFPdjeMa57NOvnaf1tljHzhouaPEp7LCj2JKkejpI1ODviIAQuW4CcQmxkQ77rnLsOOoKw==

asynckit@^0.4.0:
  version "0.4.0"
  resolved "https://registry.yarnpkg.com/asynckit/-/asynckit-0.4.0.tgz#c79ed97f7f34cb8f2ba1bc9790bcc366474b4b79"
  integrity sha1-x57Zf380y48robyXkLzDZkdLS3k=

autosuggest-highlight@^3.1.1:
  version "3.1.1"
  resolved "https://registry.yarnpkg.com/autosuggest-highlight/-/autosuggest-highlight-3.1.1.tgz#70bb4f9125fe8a849e85f825f7bb2a1a4806743d"
  integrity sha512-MQ6GNIGMMZbeA5FlBLXXgkZEthysCdYNkMV4MahB2/qB/9cwBnVsePUPnIqkMuzjzclTtDa67xln7cgLDu2f/g==
  dependencies:
    diacritic "0.0.2"

blueimp-md5@^2.12.0:
  version "2.18.0"
  resolved "https://registry.yarnpkg.com/blueimp-md5/-/blueimp-md5-2.18.0.tgz#1152be1335f0c6b3911ed9e36db54f3e6ac52935"
  integrity sha512-vE52okJvzsVWhcgUHOv+69OG3Mdg151xyn41aVQN/5W5S+S43qZhxECtYLAEHMSFWX6Mv5IZrzj3T5+JqXfj5Q==

choices.js@^9.0.1:
  version "9.0.1"
  resolved "https://registry.yarnpkg.com/choices.js/-/choices.js-9.0.1.tgz#745fb29af8670428fdc0bf1cc9dfaa404e9d0510"
  integrity sha512-JgpeDY0Tmg7tqY6jaW/druSklJSt7W68tXFJIw0GSGWmO37SDAL8o60eICNGbzIODjj02VNNtf5h6TgoHDtCsA==
  dependencies:
    deepmerge "^4.2.0"
    fuse.js "^3.4.5"
    redux "^4.0.4"

codemirror@^5.51.0:
  version "5.58.1"
  resolved "https://registry.yarnpkg.com/codemirror/-/codemirror-5.58.1.tgz#ec6bf38ad2a17f74c61bd00cc6dc5a69bd167854"
  integrity sha512-UGb/ueu20U4xqWk8hZB3xIfV2/SFqnSLYONiM3wTMDqko0bsYrsAkGGhqUzbRkYm89aBKPyHtuNEbVWF9FTFzw==

colors@^1.4.0:
  version "1.4.0"
  resolved "https://registry.yarnpkg.com/colors/-/colors-1.4.0.tgz#c50491479d4c1bdaed2c9ced32cf7c7dc2360f78"
  integrity sha512-a+UqTh4kgZg/SlGvfbzDHpgRu7AAQOmmqRHJnxhRZICKFUT91brVhNNt58CMWU9PsBbv3PDCZUHbVxuDiH2mtA==

column-resizer@^1.3.4:
  version "1.3.5"
  resolved "https://registry.yarnpkg.com/column-resizer/-/column-resizer-1.3.5.tgz#69fd30d990674ed335da5fa79c340d1ab31ff9a7"
  integrity sha512-gGhpjIf2xCXvnQQOCG4c7ZpP0vs42krEeDtDaXtn797uUx8k6RzkJwGaUI1i3sYvGo8LrlntNd1TjdLMLK8x4A==
  dependencies:
    string-hash "~1.1.3"

combined-stream@^1.0.8:
  version "1.0.8"
  resolved "https://registry.yarnpkg.com/combined-stream/-/combined-stream-1.0.8.tgz#c3d45a8b34fd730631a110a8a2520682b31d5a7f"
  integrity sha512-FQN4MRfuJeHf7cBbBMJFXhKSDq+2kAArBlmRBvcvFE5BB1HZKXtSFASDhdlz9zOYwxh8lDdnvmMOe/+5cdoEdg==
  dependencies:
    delayed-stream "~1.0.0"

commander@^6.1.0:
  version "6.1.0"
  resolved "https://registry.yarnpkg.com/commander/-/commander-6.1.0.tgz#f8d722b78103141006b66f4c7ba1e97315ba75bc"
  integrity sha512-wl7PNrYWd2y5mp1OK/LhTlv8Ff4kQJQRXXAvF+uU/TPNiVJUxZLRYGj/B0y/lPGAVcSbJqH2Za/cvHmrPMC8mA==

component-emitter@^1.3.0:
  version "1.3.0"
  resolved "https://registry.yarnpkg.com/component-emitter/-/component-emitter-1.3.0.tgz#16e4070fba8ae29b679f2215853ee181ab2eabc0"
  integrity sha512-Rd3se6QB+sO1TwqZjscQrurpEPIfO0/yYnSin6Q/rD3mOutHvUrCAhJub3r90uNb+SESBuE0QYoB90YdfatsRg==

cookiejar@^2.1.2:
  version "2.1.2"
  resolved "https://registry.yarnpkg.com/cookiejar/-/cookiejar-2.1.2.tgz#dd8a235530752f988f9a0844f3fc589e3111125c"
  integrity sha512-Mw+adcfzPxcPeI+0WlvRrr/3lGVO0bD75SxX6811cxSh1Wbxx7xZBGK1eVtDf6si8rg2lhnUjsVLMFMfbRIuwA==

datatables.net-dt@^1.10.20:
  version "1.10.22"
  resolved "https://registry.yarnpkg.com/datatables.net-dt/-/datatables.net-dt-1.10.22.tgz#476a5c07b790f4883b71b1db6a616709048d449c"
  integrity sha512-JYqE8noge7YGOydsiyLsWtPUofOHFEMCeOwS47kpykWqDJyU6GE2E3JaEeDq6hokg39UQKDNIRFnsM7GhA/BGw==
  dependencies:
    datatables.net "1.10.22"
    jquery ">=1.7"

datatables.net@1.10.22, datatables.net@^1.10.20:
  version "1.10.22"
  resolved "https://registry.yarnpkg.com/datatables.net/-/datatables.net-1.10.22.tgz#975d4ffb1eb40dec5fb772eaf93796ec1a948b55"
  integrity sha512-ujn8GvkQIBYzYH54XY7OrI0Zb35TKRd9ABYfbnXgBfwTGIFT6UsmXrfHU5Yk+MSDoF0sDu2TB+31V6c+zUZ0Pw==
  dependencies:
    jquery ">=1.7"

debug@^4.1.1:
  version "4.2.0"
  resolved "https://registry.yarnpkg.com/debug/-/debug-4.2.0.tgz#7f150f93920e94c58f5574c2fd01a3110effe7f1"
  integrity sha512-IX2ncY78vDTjZMFUdmsvIRFY2Cf4FnD0wRs+nQwJU8Lu99/tPFdb0VybiiMTPe3I6rQmwsqQqRBvxU+bZ/I8sg==
  dependencies:
    ms "2.1.2"

decode-uri-component@^0.2.0:
  version "0.2.0"
  resolved "https://registry.yarnpkg.com/decode-uri-component/-/decode-uri-component-0.2.0.tgz#eb3913333458775cb84cd1a1fae062106bb87545"
  integrity sha1-6zkTMzRYd1y4TNGh+uBiEGu4dUU=

deepmerge@^4.2.0:
  version "4.2.2"
  resolved "https://registry.yarnpkg.com/deepmerge/-/deepmerge-4.2.2.tgz#44d2ea3679b8f4d4ffba33f03d865fc1e7bf4955"
  integrity sha512-FJ3UgI4gIl+PHZm53knsuSFpE+nESMr7M4v9QcgB7S63Kj/6WqMiFQJpBBYz1Pt+66bZpP3Q7Lye0Oo9MPKEdg==

delayed-stream@~1.0.0:
  version "1.0.0"
  resolved "https://registry.yarnpkg.com/delayed-stream/-/delayed-stream-1.0.0.tgz#df3ae199acadfb7d440aaae0b29e2272b24ec619"
  integrity sha1-3zrhmayt+31ECqrgsp4icrJOxhk=

diacritic@0.0.2:
  version "0.0.2"
  resolved "https://registry.yarnpkg.com/diacritic/-/diacritic-0.0.2.tgz#fc2a887b5a5bc0a0a854fb614c7c2f209061ee04"
  integrity sha1-/CqIe1pbwKCoVPthTHwvIJBh7gQ=

dompurify@^2.0.7:
  version "2.2.0"
  resolved "https://registry.yarnpkg.com/dompurify/-/dompurify-2.2.0.tgz#51d34e76faa38b5d6b4e83a0678530f27fe3965c"
  integrity sha512-bqFOQ7XRmmozp0VsKdIEe8UwZYxj0yttz7l80GBtBqdVRY48cOpXH2J/CVO7AEkV51qY0EBVXfilec18mdmQ/w==

es6-object-assign@^1.1.0:
  version "1.1.0"
  resolved "https://registry.yarnpkg.com/es6-object-assign/-/es6-object-assign-1.1.0.tgz#c2c3582656247c39ea107cb1e6652b6f9f24523c"
  integrity sha1-wsNYJlYkfDnqEHyx5mUrb58kUjw=

fast-safe-stringify@^2.0.7:
  version "2.0.7"
  resolved "https://registry.yarnpkg.com/fast-safe-stringify/-/fast-safe-stringify-2.0.7.tgz#124aa885899261f68aedb42a7c080de9da608743"
  integrity sha512-Utm6CdzT+6xsDk2m8S6uL8VHxNwI6Jub+e9NYTcAms28T84pTa25GJQV9j0CY0N1rM8hK4x6grpF2BQf+2qwVA==

form-data@^3.0.0:
  version "3.0.0"
  resolved "https://registry.yarnpkg.com/form-data/-/form-data-3.0.0.tgz#31b7e39c85f1355b7139ee0c647cf0de7f83c682"
  integrity sha512-CKMFDglpbMi6PyN+brwB9Q/GOw0eAnsrEZDgcsH5Krhz5Od/haKHAX0NmQfha2zPPz0JpWzA7GJHGSnvCRLWsg==
  dependencies:
    asynckit "^0.4.0"
    combined-stream "^1.0.8"
    mime-types "^2.1.12"

formidable@^1.2.2:
  version "1.2.2"
  resolved "https://registry.yarnpkg.com/formidable/-/formidable-1.2.2.tgz#bf69aea2972982675f00865342b982986f6b8dd9"
  integrity sha512-V8gLm+41I/8kguQ4/o1D3RIHRmhYFG4pnNyonvua+40rqcEmT4+V71yaZ3B457xbbgCsCfjSPi65u/W6vK1U5Q==

fuse.js@^3.4.5:
  version "3.6.1"
  resolved "https://registry.yarnpkg.com/fuse.js/-/fuse.js-3.6.1.tgz#7de85fdd6e1b3377c23ce010892656385fd9b10c"
  integrity sha512-hT9yh/tiinkmirKrlv4KWOjztdoZo1mx9Qh4KvWqC7isoXwdUY3PNWUxceF4/qO9R6riA2C29jdTOeQOIROjgw==

inherits@^2.0.3:
  version "2.0.4"
  resolved "https://registry.yarnpkg.com/inherits/-/inherits-2.0.4.tgz#0fa2c64f932917c3433a0ded55363aae37416b7c"
  integrity sha512-k/vGaX4/Yla3WzyMCvTQOXYeIHvqOKtnqBduzTHpzpQZzAskKMhZ2K+EnBiSM9zGSoIFeMpXKxa4dYeZIQqewQ==

jquery@>=1.7, jquery@^3.5.0:
  version "3.5.1"
  resolved "https://registry.yarnpkg.com/jquery/-/jquery-3.5.1.tgz#d7b4d08e1bfdb86ad2f1a3d039ea17304717abb5"
  integrity sha512-XwIBPqcMn57FxfT+Go5pzySnm4KWkT1Tv7gjrpT1srtf8Weynl6R273VJ5GjkRb51IzMp5nbaPjJXMWeju2MKg==

"js-tokens@^3.0.0 || ^4.0.0":
  version "4.0.0"
  resolved "https://registry.yarnpkg.com/js-tokens/-/js-tokens-4.0.0.tgz#19203fb59991df98e3a287050d4647cdeaf32499"
  integrity sha512-RdJUflcE3cUzKiMqQgsCu06FPu9UdIJO0beYbPhHN4k6apgJtifcoCtT9bcxOpYBtpD2kCM6Sbzg4CausW/PKQ==

json2csv@^5.0.1:
  version "5.0.3"
  resolved "https://registry.yarnpkg.com/json2csv/-/json2csv-5.0.3.tgz#7a819a4c88a4e9f769745200dedc97eab93a4bbe"
  integrity sha512-e3gEZU/4fp8CVQMHlwT77RayAR7nylCzCYN7jTIbPTEqk0oTaE8GTcBudLgXrHt4ltOs9SAsbveMJT0YK/QUSg==
  dependencies:
    commander "^6.1.0"
    jsonparse "^1.3.1"
    lodash.get "^4.4.2"

jsonparse@^1.3.1:
  version "1.3.1"
  resolved "https://registry.yarnpkg.com/jsonparse/-/jsonparse-1.3.1.tgz#3f4dae4a91fac315f71062f8521cc239f1366280"
  integrity sha1-P02uSpH6wxX3EGL4UhzCOfE2YoA=

jsuri@^1.3.1:
  version "1.3.1"
  resolved "https://registry.yarnpkg.com/jsuri/-/jsuri-1.3.1.tgz#cd93fc6a87b255142cb7b0f479f00517ab9395ed"
  integrity sha1-zZP8aoeyVRQst7D0efAFF6uTle0=

lodash-es@^4.17.15:
  version "4.17.15"
  resolved "https://registry.yarnpkg.com/lodash-es/-/lodash-es-4.17.15.tgz#21bd96839354412f23d7a10340e5eac6ee455d78"
  integrity sha512-rlrc3yU3+JNOpZ9zj5pQtxnx2THmvRykwL4Xlxoa8I9lHBlVbbyPhgyPMioxVZ4NqyxaVVtaJnzsyOidQIhyyQ==

lodash.get@^4.4.2:
  version "4.4.2"
  resolved "https://registry.yarnpkg.com/lodash.get/-/lodash.get-4.4.2.tgz#2d177f652fa31e939b4438d5341499dfa3825e99"
  integrity sha1-LRd/ZS+jHpObRDjVNBSZ36OCXpk=

loose-envify@^1.4.0:
  version "1.4.0"
  resolved "https://registry.yarnpkg.com/loose-envify/-/loose-envify-1.4.0.tgz#71ee51fa7be4caec1a63839f7e682d8132d30caf"
  integrity sha512-lyuxPGr/Wfhrlem2CL/UcnUc1zcqKAImBDzukY7Y5F/yQiNdko6+fRLevlw1HgMySw7f611UIY408EtxRSoK3Q==
  dependencies:
    js-tokens "^3.0.0 || ^4.0.0"

methods@^1.1.2:
  version "1.1.2"
  resolved "https://registry.yarnpkg.com/methods/-/methods-1.1.2.tgz#5529a4d67654134edcc5266656835b0f851afcee"
  integrity sha1-VSmk1nZUE07cxSZmVoNbD4Ua/O4=

mime-db@1.44.0:
  version "1.44.0"
  resolved "https://registry.yarnpkg.com/mime-db/-/mime-db-1.44.0.tgz#fa11c5eb0aca1334b4233cb4d52f10c5a6272f92"
  integrity sha512-/NOTfLrsPBVeH7YtFPgsVWveuL+4SjjYxaQ1xtM1KMFj7HdxlBlxeyNLzhyJVx7r4rZGJAZ/6lkKCitSc/Nmpg==

mime-types@^2.1.12:
  version "2.1.27"
  resolved "https://registry.yarnpkg.com/mime-types/-/mime-types-2.1.27.tgz#47949f98e279ea53119f5722e0f34e529bec009f"
  integrity sha512-JIhqnCasI9yD+SsmkquHBxTSEuZdQX5BuQnS2Vc7puQQQ+8yiP5AY5uWhpdv4YL4VM5c6iliiYWPgJ/nJQLp7w==
  dependencies:
    mime-db "1.44.0"

mime@^2.4.6:
  version "2.4.6"
  resolved "https://registry.yarnpkg.com/mime/-/mime-2.4.6.tgz#e5b407c90db442f2beb5b162373d07b69affa4d1"
  integrity sha512-RZKhC3EmpBchfTGBVb8fb+RL2cWyw/32lshnsETttkBAyAUXSGHxbEJWWRXc751DrIxG1q04b8QwMbAwkRPpUA==

ms@2.1.2:
  version "2.1.2"
  resolved "https://registry.yarnpkg.com/ms/-/ms-2.1.2.tgz#d09d1f357b443f493382a8eb3ccd183872ae6009"
  integrity sha512-sGkPx+VjMtmA6MX27oA4FBFELFCZZ4S4XqeGOXCv68tT+jb3vk/RyaKWP0PTKyWtmLSM0b+adUTEvbs1PEaH2w==

n3@^1.3.5:
  version "1.6.3"
  resolved "https://registry.yarnpkg.com/n3/-/n3-1.6.3.tgz#373de2ebfbce5c51edbd05f8cd36e76482107207"
  integrity sha512-dN+8pLw2h1H1WQTW9VR3T16tHPDYdQP+YKXzbcpBCMCb9ZkksUyoVRRdtFGl3vosdET+NIB5eiIgth+4Vit6Yw==
  dependencies:
    queue-microtask "^1.1.2"
    readable-stream "^3.6.0"

qs@^6.9.4:
  version "6.9.4"
  resolved "https://registry.yarnpkg.com/qs/-/qs-6.9.4.tgz#9090b290d1f91728d3c22e54843ca44aea5ab687"
  integrity sha512-A1kFqHekCTM7cz0udomYUoYNWjBebHm/5wzU/XqrBRBNWectVH0QIiN+NEcZ0Dte5hvzHwbr8+XQmguPhJ6WdQ==

query-string@^6.10.1:
  version "6.13.6"
  resolved "https://registry.yarnpkg.com/query-string/-/query-string-6.13.6.tgz#e5ac7c74f2a5da43fbca0b883b4f0bafba439966"
  integrity sha512-/WWZ7d9na6s2wMEGdVCVgKWE9Rt7nYyNIf7k8xmHXcesPMlEzicWo3lbYwHyA4wBktI2KrXxxZeACLbE84hvSQ==
  dependencies:
    decode-uri-component "^0.2.0"
    split-on-first "^1.0.0"
    strict-uri-encode "^2.0.0"

queue-microtask@^1.1.2:
  version "1.1.4"
  resolved "https://registry.yarnpkg.com/queue-microtask/-/queue-microtask-1.1.4.tgz#40841ace4356b48b35b5ea61a2e1fe0a23c59ce1"
  integrity sha512-eY/4Obve9cE5FK8YvC1cJsm5cr7XvAurul8UtBDJ2PR1p5NmAwHtvAt5ftcLtwYRCUKNhxCneZZlxmUDFoSeKA==

readable-stream@^3.6.0:
  version "3.6.0"
  resolved "https://registry.yarnpkg.com/readable-stream/-/readable-stream-3.6.0.tgz#337bbda3adc0706bd3e024426a286d4b4b2c9198"
  integrity sha512-BViHy7LKeTz4oNnkcLJ+lVSL6vpiFeX6/d3oSH8zCW7UxP2onchk+vTGB143xuFjHS3deTgkKoXXymXqymiIdA==
  dependencies:
    inherits "^2.0.3"
    string_decoder "^1.1.1"
    util-deprecate "^1.0.1"

redux@^4.0.4:
  version "4.0.5"
  resolved "https://registry.yarnpkg.com/redux/-/redux-4.0.5.tgz#4db5de5816e17891de8a80c424232d06f051d93f"
  integrity sha512-VSz1uMAH24DM6MF72vcojpYPtrTUu3ByVWfPL1nPfVRb5mZVTve5GnNCUV53QM/BZ66xfWrm0CTWoM+Xlz8V1w==
  dependencies:
    loose-envify "^1.4.0"
    symbol-observable "^1.2.0"

safe-buffer@~5.2.0:
  version "5.2.1"
  resolved "https://registry.yarnpkg.com/safe-buffer/-/safe-buffer-5.2.1.tgz#1eaf9fa9bdb1fdd4ec75f58f9cdb4e6b7827eec6"
  integrity sha512-rp3So07KcdmmKbGvgaNxQSJr7bGVSVk5S9Eq1F+ppbRo70+YeaDxkw5Dd8NPN+GD6bjnYm2VuPuCXmpuYvmCXQ==

semver@^7.3.2:
  version "7.3.2"
  resolved "https://registry.yarnpkg.com/semver/-/semver-7.3.2.tgz#604962b052b81ed0786aae84389ffba70ffd3938"
  integrity sha512-OrOb32TeeambH6UrhtShmF7CRDqhL6/5XpPNp2DuRH6+9QLw/orhp72j87v8Qa1ScDkvrrBNpZcDejAirJmfXQ==

sortablejs@^1.10.2:
  version "1.12.0"
  resolved "https://registry.yarnpkg.com/sortablejs/-/sortablejs-1.12.0.tgz#ee6d7ece3598c2af0feb1559d98595e5ea37cbd6"
  integrity sha512-bPn57rCjBRlt2sC24RBsu40wZsmLkSo2XeqG8k6DC1zru5eObQUIPPZAQG7W2SJ8FZQYq+BEJmvuw1Zxb3chqg==

split-on-first@^1.0.0:
  version "1.1.0"
  resolved "https://registry.yarnpkg.com/split-on-first/-/split-on-first-1.1.0.tgz#f610afeee3b12bce1d0c30425e76398b78249a5f"
  integrity sha512-43ZssAJaMusuKWL8sKUBQXHWOpq8d6CfN/u1p4gUzfJkM05C8rxTmYrkIPTXapZpORA6LkkzcUulJ8FqA7Uudw==

store@^2.0.12:
  version "2.0.12"
  resolved "https://registry.yarnpkg.com/store/-/store-2.0.12.tgz#8c534e2a0b831f72b75fc5f1119857c44ef5d593"
  integrity sha1-jFNOKguDH3K3X8XxEZhXxE711ZM=

strict-uri-encode@^2.0.0:
  version "2.0.0"
  resolved "https://registry.yarnpkg.com/strict-uri-encode/-/strict-uri-encode-2.0.0.tgz#b9c7330c7042862f6b142dc274bbcc5866ce3546"
  integrity sha1-ucczDHBChi9rFC3CdLvMWGbONUY=

string-hash@~1.1.3:
  version "1.1.3"
  resolved "https://registry.yarnpkg.com/string-hash/-/string-hash-1.1.3.tgz#e8aafc0ac1855b4666929ed7dd1275df5d6c811b"
  integrity sha1-6Kr8CsGFW0Zmkp7X3RJ1311sgRs=

string_decoder@^1.1.1:
  version "1.3.0"
  resolved "https://registry.yarnpkg.com/string_decoder/-/string_decoder-1.3.0.tgz#42f114594a46cf1a8e30b0a84f56c78c3edac21e"
  integrity sha512-hkRX8U1WjJFd8LsDJ2yQ/wWWxaopEsABU1XfkM8A+j0+85JAGppt16cr1Whg6KIbb4okU6Mql6BOj+uup/wKeA==
  dependencies:
    safe-buffer "~5.2.0"

superagent@5.3.1:
  version "5.3.1"
  resolved "https://registry.yarnpkg.com/superagent/-/superagent-5.3.1.tgz#d62f3234d76b8138c1320e90fa83dc1850ccabf1"
  integrity sha512-wjJ/MoTid2/RuGCOFtlacyGNxN9QLMgcpYLDQlWFIhhdJ93kNscFonGvrpAHSCVjRVj++DGCglocF7Aej1KHvQ==
  dependencies:
    component-emitter "^1.3.0"
    cookiejar "^2.1.2"
    debug "^4.1.1"
    fast-safe-stringify "^2.0.7"
    form-data "^3.0.0"
    formidable "^1.2.2"
    methods "^1.1.2"
    mime "^2.4.6"
    qs "^6.9.4"
    readable-stream "^3.6.0"
    semver "^7.3.2"

symbol-observable@^1.2.0:
  version "1.2.0"
  resolved "https://registry.yarnpkg.com/symbol-observable/-/symbol-observable-1.2.0.tgz#c22688aed4eab3cdc2dfeacbb561660560a00804"
  integrity sha512-e900nM8RRtGhlV36KGEU9k65K3mPb1WV70OdjfxlG2EAuM1noi/E/BaW/uMhL7bPEssK8QV57vN3esixjUvcXQ==

util-deprecate@^1.0.1:
  version "1.0.2"
  resolved "https://registry.yarnpkg.com/util-deprecate/-/util-deprecate-1.0.2.tgz#450d4dc9fa70de732762fbd2d4a28981419a0ccf"
  integrity sha1-RQ1Nyfpw3nMnYvvS1KKJgUGaDM8=
